// !$*UTF8*$!
{
	archiveVersion = 1;
	classes = {
	};
	objectVersion = 55;
	objects = {

/* Begin PBXBuildFile section */
		D910D4CE276BE53900A3964F /* ValuePlayer.swift in Sources */ = {isa = PBXBuildFile; fileRef = D910D4CD276BE53900A3964F /* ValuePlayer.swift */; };
		D91EAF8A276CE6BE00B2598E /* ProfileViewController.swift in Sources */ = {isa = PBXBuildFile; fileRef = D91EAF89276CE6BE00B2598E /* ProfileViewController.swift */; };
		D9245F41279C5C8400439644 /* WaitingChatsNavigation.swift in Sources */ = {isa = PBXBuildFile; fileRef = D9245F40279C5C8400439644 /* WaitingChatsNavigation.swift */; };
		D9311409276685E200D2B843 /* MainTabBarController.swift in Sources */ = {isa = PBXBuildFile; fileRef = D9311408276685E200D2B843 /* MainTabBarController.swift */; };
		D931140B2766867600D2B843 /* PeopleViewController.swift in Sources */ = {isa = PBXBuildFile; fileRef = D931140A2766867600D2B843 /* PeopleViewController.swift */; };
		D931140E2766BD8200D2B843 /* activeChats.json in Resources */ = {isa = PBXBuildFile; fileRef = D931140D2766BD8200D2B843 /* activeChats.json */; };
		D93114102766BDB800D2B843 /* waitingChats.json in Resources */ = {isa = PBXBuildFile; fileRef = D931140F2766BDB800D2B843 /* waitingChats.json */; };
		D93114122766BE1A00D2B843 /* Bundle-Decodable.swift in Sources */ = {isa = PBXBuildFile; fileRef = D93114112766BE1A00D2B843 /* Bundle-Decodable.swift */; };
		D94DB55E2766D41F0045A086 /* ActiveChatCell.swift in Sources */ = {isa = PBXBuildFile; fileRef = D94DB55D2766D41F0045A086 /* ActiveChatCell.swift */; };
		D94DB5602766E41C0045A086 /* GradientView.swift in Sources */ = {isa = PBXBuildFile; fileRef = D94DB55F2766E41C0045A086 /* GradientView.swift */; };
		D94DB5622766EB850045A086 /* WaitingChatCell.swift in Sources */ = {isa = PBXBuildFile; fileRef = D94DB5612766EB850045A086 /* WaitingChatCell.swift */; };
		D94DB5642766ED100045A086 /* SelfConfiguringCell.swift in Sources */ = {isa = PBXBuildFile; fileRef = D94DB5632766ED100045A086 /* SelfConfiguringCell.swift */; };
		D94DB5672766F0B50045A086 /* SectionHeader.swift in Sources */ = {isa = PBXBuildFile; fileRef = D94DB5662766F0B50045A086 /* SectionHeader.swift */; };
		D94DB569276793F60045A086 /* users.json in Resources */ = {isa = PBXBuildFile; fileRef = D94DB568276793F60045A086 /* users.json */; };
		D94DB56B276795B30045A086 /* MUser.swift in Sources */ = {isa = PBXBuildFile; fileRef = D94DB56A276795B30045A086 /* MUser.swift */; };
		D94DB56D276795C60045A086 /* MChat.swift in Sources */ = {isa = PBXBuildFile; fileRef = D94DB56C276795C60045A086 /* MChat.swift */; };
		D94DB5722769205B0045A086 /* StrubEditorViewController.swift in Sources */ = {isa = PBXBuildFile; fileRef = D94DB5712769205B0045A086 /* StrubEditorViewController.swift */; };
		D94DB574276930230045A086 /* HSBColorPicker.swift in Sources */ = {isa = PBXBuildFile; fileRef = D94DB573276930230045A086 /* HSBColorPicker.swift */; };
		D973869D27624DAE007F1AD4 /* AppDelegate.swift in Sources */ = {isa = PBXBuildFile; fileRef = D973869C27624DAE007F1AD4 /* AppDelegate.swift */; };
		D973869F27624DAE007F1AD4 /* SceneDelegate.swift in Sources */ = {isa = PBXBuildFile; fileRef = D973869E27624DAE007F1AD4 /* SceneDelegate.swift */; };
		D97386A127624DAE007F1AD4 /* AuthViewController.swift in Sources */ = {isa = PBXBuildFile; fileRef = D97386A027624DAE007F1AD4 /* AuthViewController.swift */; };
		D97386A627624DB2007F1AD4 /* Assets.xcassets in Resources */ = {isa = PBXBuildFile; fileRef = D97386A527624DB2007F1AD4 /* Assets.xcassets */; };
		D97386A927624DB2007F1AD4 /* LaunchScreen.storyboard in Resources */ = {isa = PBXBuildFile; fileRef = D97386A727624DB2007F1AD4 /* LaunchScreen.storyboard */; };
		D97386D127626331007F1AD4 /* UIButton + Extension.swift in Sources */ = {isa = PBXBuildFile; fileRef = D97386D027626331007F1AD4 /* UIButton + Extension.swift */; };
		D97386D327626602007F1AD4 /* UIFont + Extension.swift in Sources */ = {isa = PBXBuildFile; fileRef = D97386D227626602007F1AD4 /* UIFont + Extension.swift */; };
		D97386D52762672F007F1AD4 /* UIColor + Extension.swift in Sources */ = {isa = PBXBuildFile; fileRef = D97386D42762672F007F1AD4 /* UIColor + Extension.swift */; };
		D97386D727626A77007F1AD4 /* Label + Extension.swift in Sources */ = {isa = PBXBuildFile; fileRef = D97386D627626A77007F1AD4 /* Label + Extension.swift */; };
		D97386D927626BC7007F1AD4 /* UIImageView + Extension.swift in Sources */ = {isa = PBXBuildFile; fileRef = D97386D827626BC7007F1AD4 /* UIImageView + Extension.swift */; };
		D97386DD27627739007F1AD4 /* ButtonFormView.swift in Sources */ = {isa = PBXBuildFile; fileRef = D97386DC27627739007F1AD4 /* ButtonFormView.swift */; };
		D97386DF27628031007F1AD4 /* StackView + Extension.swift in Sources */ = {isa = PBXBuildFile; fileRef = D97386DE27628031007F1AD4 /* StackView + Extension.swift */; };
		D97386E127628E07007F1AD4 /* SignUpViewController.swift in Sources */ = {isa = PBXBuildFile; fileRef = D97386E027628E07007F1AD4 /* SignUpViewController.swift */; };
		D97386E3276292A9007F1AD4 /* OneLineTextField.swift in Sources */ = {isa = PBXBuildFile; fileRef = D97386E2276292A9007F1AD4 /* OneLineTextField.swift */; };
		D97386E52762A32B007F1AD4 /* LoginViewController.swift in Sources */ = {isa = PBXBuildFile; fileRef = D97386E42762A32B007F1AD4 /* LoginViewController.swift */; };
		D98239F92766611500DDCF68 /* SetupProfileViewController.swift in Sources */ = {isa = PBXBuildFile; fileRef = D98239F82766611500DDCF68 /* SetupProfileViewController.swift */; };
		D98239FB2766691D00DDCF68 /* AddPhotoView.swift in Sources */ = {isa = PBXBuildFile; fileRef = D98239FA2766691D00DDCF68 /* AddPhotoView.swift */; };
		D98239FD2766764400DDCF68 /* SegmentedControl + Extension.swift in Sources */ = {isa = PBXBuildFile; fileRef = D98239FC2766764400DDCF68 /* SegmentedControl + Extension.swift */; };
		D98239FF27667F5500DDCF68 /* ListViewController.swift in Sources */ = {isa = PBXBuildFile; fileRef = D98239FE27667F5500DDCF68 /* ListViewController.swift */; };
		D9830F2B276BAAB900CEA7F4 /* MainService.swift in Sources */ = {isa = PBXBuildFile; fileRef = D9830F2A276BAAB900CEA7F4 /* MainService.swift */; };
		D9A18FF92794DC9300DF1D57 /* MMessage.swift in Sources */ = {isa = PBXBuildFile; fileRef = D9A18FF82794DC9300DF1D57 /* MMessage.swift */; };
		D9A8CB35276C1044004EA3E7 /* UserCell.swift in Sources */ = {isa = PBXBuildFile; fileRef = D9A8CB34276C1044004EA3E7 /* UserCell.swift */; };
		D9A8CB37276C13D7004EA3E7 /* UIViewController + Extension.swift in Sources */ = {isa = PBXBuildFile; fileRef = D9A8CB36276C13D7004EA3E7 /* UIViewController + Extension.swift */; };
		D9BFE60E27907E5D001B9A2C /* StorageService.swift in Sources */ = {isa = PBXBuildFile; fileRef = D9BFE60D27907E5D001B9A2C /* StorageService.swift */; };
		D9BFE6102790C9EC001B9A2C /* UIImage + Extension.swift in Sources */ = {isa = PBXBuildFile; fileRef = D9BFE60F2790C9EC001B9A2C /* UIImage + Extension.swift */; };
		D9BFE6122794AFB1001B9A2C /* ListenerService.swift in Sources */ = {isa = PBXBuildFile; fileRef = D9BFE6112794AFB1001B9A2C /* ListenerService.swift */; };
		D9C452DC27726D9900468B39 /* InsertableTextField.swift in Sources */ = {isa = PBXBuildFile; fileRef = D9C452DB27726D9900468B39 /* InsertableTextField.swift */; };
		D9C452DE277273D200468B39 /* UIVIew + Extension.swift in Sources */ = {isa = PBXBuildFile; fileRef = D9C452DD277273D200468B39 /* UIVIew + Extension.swift */; };
		D9C452E027727ABF00468B39 /* ChatRequsetViewController.swift in Sources */ = {isa = PBXBuildFile; fileRef = D9C452DF27727ABF00468B39 /* ChatRequsetViewController.swift */; };
		D9C452E227728FB300468B39 /* GoogleService-Info.plist in Resources */ = {isa = PBXBuildFile; fileRef = D9C452E127728FB300468B39 /* GoogleService-Info.plist */; };
		D9C452E427729ECE00468B39 /* AuthService.swift in Sources */ = {isa = PBXBuildFile; fileRef = D9C452E327729ECE00468B39 /* AuthService.swift */; };
		D9C452E62772AD6900468B39 /* Validators.swift in Sources */ = {isa = PBXBuildFile; fileRef = D9C452E52772AD6900468B39 /* Validators.swift */; };
		D9C452E82772B08C00468B39 /* AuthError.swift in Sources */ = {isa = PBXBuildFile; fileRef = D9C452E72772B08C00468B39 /* AuthError.swift */; };
		D9C452EB2772C0EB00468B39 /* AuthNavigatingDelegate.swift in Sources */ = {isa = PBXBuildFile; fileRef = D9C452EA2772C0EB00468B39 /* AuthNavigatingDelegate.swift */; };
		D9C452ED2772C39C00468B39 /* FireStoreService.swift in Sources */ = {isa = PBXBuildFile; fileRef = D9C452EC2772C39C00468B39 /* FireStoreService.swift */; };
		D9C452EF2772C79D00468B39 /* UserError.swift in Sources */ = {isa = PBXBuildFile; fileRef = D9C452EE2772C79D00468B39 /* UserError.swift */; };
		D9E047342779CD8500EE9B8C /* SwipePeopleViewController.swift in Sources */ = {isa = PBXBuildFile; fileRef = D9E047332779CD8500EE9B8C /* SwipePeopleViewController.swift */; };
		D9E047362779CF2800EE9B8C /* CardsDataModel.swift in Sources */ = {isa = PBXBuildFile; fileRef = D9E047352779CF2800EE9B8C /* CardsDataModel.swift */; };
		D9E047382779CF4300EE9B8C /* SwipeCardsDataSource.swift in Sources */ = {isa = PBXBuildFile; fileRef = D9E047372779CF4300EE9B8C /* SwipeCardsDataSource.swift */; };
		D9E0473A2779CF6A00EE9B8C /* StackContainerView.swift in Sources */ = {isa = PBXBuildFile; fileRef = D9E047392779CF6A00EE9B8C /* StackContainerView.swift */; };
		D9E0473C2779CF8900EE9B8C /* SwipeCardView.swift in Sources */ = {isa = PBXBuildFile; fileRef = D9E0473B2779CF8900EE9B8C /* SwipeCardView.swift */; };
		E194A3099194C4CC2F0943D2 /* ValueRecorder.swift in Sources */ = {isa = PBXBuildFile; fileRef = E194AECE3C735C533062AFA3 /* ValueRecorder.swift */; };
		E194AD119FB2B3883CA38792 /* JSONCreator.swift in Sources */ = {isa = PBXBuildFile; fileRef = E194A1933B1FB6D60B602FCE /* JSONCreator.swift */; };
		EBED15BECF38FBC58AD3F7C8 /* Pods_Chat.framework in Frameworks */ = {isa = PBXBuildFile; fileRef = 7C1527498B6A700E3F98E950 /* Pods_Chat.framework */; };
/* End PBXBuildFile section */

/* Begin PBXFileReference section */
		79C4A2844C9B4DD44FD45A27 /* Pods-Chat.debug.xcconfig */ = {isa = PBXFileReference; includeInIndex = 1; lastKnownFileType = text.xcconfig; name = "Pods-Chat.debug.xcconfig"; path = "Target Support Files/Pods-Chat/Pods-Chat.debug.xcconfig"; sourceTree = "<group>"; };
		7C1527498B6A700E3F98E950 /* Pods_Chat.framework */ = {isa = PBXFileReference; explicitFileType = wrapper.framework; includeInIndex = 0; path = Pods_Chat.framework; sourceTree = BUILT_PRODUCTS_DIR; };
		92036E35958AD52DBE17CF35 /* Pods-Chat.release.xcconfig */ = {isa = PBXFileReference; includeInIndex = 1; lastKnownFileType = text.xcconfig; name = "Pods-Chat.release.xcconfig"; path = "Target Support Files/Pods-Chat/Pods-Chat.release.xcconfig"; sourceTree = "<group>"; };
		D910D4CD276BE53900A3964F /* ValuePlayer.swift */ = {isa = PBXFileReference; lastKnownFileType = sourcecode.swift; path = ValuePlayer.swift; sourceTree = "<group>"; };
		D91EAF89276CE6BE00B2598E /* ProfileViewController.swift */ = {isa = PBXFileReference; lastKnownFileType = sourcecode.swift; path = ProfileViewController.swift; sourceTree = "<group>"; };
		D9245F40279C5C8400439644 /* WaitingChatsNavigation.swift */ = {isa = PBXFileReference; lastKnownFileType = sourcecode.swift; path = WaitingChatsNavigation.swift; sourceTree = "<group>"; };
		D9311408276685E200D2B843 /* MainTabBarController.swift */ = {isa = PBXFileReference; lastKnownFileType = sourcecode.swift; path = MainTabBarController.swift; sourceTree = "<group>"; };
		D931140A2766867600D2B843 /* PeopleViewController.swift */ = {isa = PBXFileReference; lastKnownFileType = sourcecode.swift; path = PeopleViewController.swift; sourceTree = "<group>"; };
		D931140D2766BD8200D2B843 /* activeChats.json */ = {isa = PBXFileReference; fileEncoding = 4; lastKnownFileType = text.json; path = activeChats.json; sourceTree = "<group>"; };
		D931140F2766BDB800D2B843 /* waitingChats.json */ = {isa = PBXFileReference; fileEncoding = 4; lastKnownFileType = text.json; path = waitingChats.json; sourceTree = "<group>"; };
		D93114112766BE1A00D2B843 /* Bundle-Decodable.swift */ = {isa = PBXFileReference; lastKnownFileType = sourcecode.swift; path = "Bundle-Decodable.swift"; sourceTree = "<group>"; };
		D94DB55D2766D41F0045A086 /* ActiveChatCell.swift */ = {isa = PBXFileReference; lastKnownFileType = sourcecode.swift; path = ActiveChatCell.swift; sourceTree = "<group>"; };
		D94DB55F2766E41C0045A086 /* GradientView.swift */ = {isa = PBXFileReference; lastKnownFileType = sourcecode.swift; path = GradientView.swift; sourceTree = "<group>"; };
		D94DB5612766EB850045A086 /* WaitingChatCell.swift */ = {isa = PBXFileReference; lastKnownFileType = sourcecode.swift; path = WaitingChatCell.swift; sourceTree = "<group>"; };
		D94DB5632766ED100045A086 /* SelfConfiguringCell.swift */ = {isa = PBXFileReference; lastKnownFileType = sourcecode.swift; path = SelfConfiguringCell.swift; sourceTree = "<group>"; };
		D94DB5662766F0B50045A086 /* SectionHeader.swift */ = {isa = PBXFileReference; lastKnownFileType = sourcecode.swift; path = SectionHeader.swift; sourceTree = "<group>"; };
		D94DB568276793F60045A086 /* users.json */ = {isa = PBXFileReference; fileEncoding = 4; lastKnownFileType = text.json; path = users.json; sourceTree = "<group>"; };
		D94DB56A276795B30045A086 /* MUser.swift */ = {isa = PBXFileReference; lastKnownFileType = sourcecode.swift; path = MUser.swift; sourceTree = "<group>"; };
		D94DB56C276795C60045A086 /* MChat.swift */ = {isa = PBXFileReference; lastKnownFileType = sourcecode.swift; path = MChat.swift; sourceTree = "<group>"; };
		D94DB5712769205B0045A086 /* StrubEditorViewController.swift */ = {isa = PBXFileReference; lastKnownFileType = sourcecode.swift; path = StrubEditorViewController.swift; sourceTree = "<group>"; };
		D94DB573276930230045A086 /* HSBColorPicker.swift */ = {isa = PBXFileReference; lastKnownFileType = sourcecode.swift; path = HSBColorPicker.swift; sourceTree = "<group>"; };
		D973869927624DAE007F1AD4 /* Chat.app */ = {isa = PBXFileReference; explicitFileType = wrapper.application; includeInIndex = 0; path = Chat.app; sourceTree = BUILT_PRODUCTS_DIR; };
		D973869C27624DAE007F1AD4 /* AppDelegate.swift */ = {isa = PBXFileReference; lastKnownFileType = sourcecode.swift; path = AppDelegate.swift; sourceTree = "<group>"; };
		D973869E27624DAE007F1AD4 /* SceneDelegate.swift */ = {isa = PBXFileReference; lastKnownFileType = sourcecode.swift; path = SceneDelegate.swift; sourceTree = "<group>"; };
		D97386A027624DAE007F1AD4 /* AuthViewController.swift */ = {isa = PBXFileReference; lastKnownFileType = sourcecode.swift; path = AuthViewController.swift; sourceTree = "<group>"; };
		D97386A527624DB2007F1AD4 /* Assets.xcassets */ = {isa = PBXFileReference; lastKnownFileType = folder.assetcatalog; path = Assets.xcassets; sourceTree = "<group>"; };
		D97386A827624DB2007F1AD4 /* Base */ = {isa = PBXFileReference; lastKnownFileType = file.storyboard; name = Base; path = Base.lproj/LaunchScreen.storyboard; sourceTree = "<group>"; };
		D97386AA27624DB2007F1AD4 /* Info.plist */ = {isa = PBXFileReference; lastKnownFileType = text.plist.xml; path = Info.plist; sourceTree = "<group>"; };
		D97386D027626331007F1AD4 /* UIButton + Extension.swift */ = {isa = PBXFileReference; lastKnownFileType = sourcecode.swift; path = "UIButton + Extension.swift"; sourceTree = "<group>"; };
		D97386D227626602007F1AD4 /* UIFont + Extension.swift */ = {isa = PBXFileReference; lastKnownFileType = sourcecode.swift; path = "UIFont + Extension.swift"; sourceTree = "<group>"; };
		D97386D42762672F007F1AD4 /* UIColor + Extension.swift */ = {isa = PBXFileReference; lastKnownFileType = sourcecode.swift; path = "UIColor + Extension.swift"; sourceTree = "<group>"; };
		D97386D627626A77007F1AD4 /* Label + Extension.swift */ = {isa = PBXFileReference; lastKnownFileType = sourcecode.swift; path = "Label + Extension.swift"; sourceTree = "<group>"; };
		D97386D827626BC7007F1AD4 /* UIImageView + Extension.swift */ = {isa = PBXFileReference; lastKnownFileType = sourcecode.swift; path = "UIImageView + Extension.swift"; sourceTree = "<group>"; };
		D97386DC27627739007F1AD4 /* ButtonFormView.swift */ = {isa = PBXFileReference; lastKnownFileType = sourcecode.swift; path = ButtonFormView.swift; sourceTree = "<group>"; };
		D97386DE27628031007F1AD4 /* StackView + Extension.swift */ = {isa = PBXFileReference; lastKnownFileType = sourcecode.swift; path = "StackView + Extension.swift"; sourceTree = "<group>"; };
		D97386E027628E07007F1AD4 /* SignUpViewController.swift */ = {isa = PBXFileReference; lastKnownFileType = sourcecode.swift; path = SignUpViewController.swift; sourceTree = "<group>"; };
		D97386E2276292A9007F1AD4 /* OneLineTextField.swift */ = {isa = PBXFileReference; lastKnownFileType = sourcecode.swift; path = OneLineTextField.swift; sourceTree = "<group>"; };
		D97386E42762A32B007F1AD4 /* LoginViewController.swift */ = {isa = PBXFileReference; lastKnownFileType = sourcecode.swift; path = LoginViewController.swift; sourceTree = "<group>"; };
		D98239F82766611500DDCF68 /* SetupProfileViewController.swift */ = {isa = PBXFileReference; lastKnownFileType = sourcecode.swift; path = SetupProfileViewController.swift; sourceTree = "<group>"; };
		D98239FA2766691D00DDCF68 /* AddPhotoView.swift */ = {isa = PBXFileReference; lastKnownFileType = sourcecode.swift; path = AddPhotoView.swift; sourceTree = "<group>"; };
		D98239FC2766764400DDCF68 /* SegmentedControl + Extension.swift */ = {isa = PBXFileReference; lastKnownFileType = sourcecode.swift; path = "SegmentedControl + Extension.swift"; sourceTree = "<group>"; };
		D98239FE27667F5500DDCF68 /* ListViewController.swift */ = {isa = PBXFileReference; lastKnownFileType = sourcecode.swift; path = ListViewController.swift; sourceTree = "<group>"; };
		D9830F2A276BAAB900CEA7F4 /* MainService.swift */ = {isa = PBXFileReference; lastKnownFileType = sourcecode.swift; path = MainService.swift; sourceTree = "<group>"; };
		D9A18FF82794DC9300DF1D57 /* MMessage.swift */ = {isa = PBXFileReference; lastKnownFileType = sourcecode.swift; path = MMessage.swift; sourceTree = "<group>"; };
		D9A8CB34276C1044004EA3E7 /* UserCell.swift */ = {isa = PBXFileReference; lastKnownFileType = sourcecode.swift; path = UserCell.swift; sourceTree = "<group>"; };
		D9A8CB36276C13D7004EA3E7 /* UIViewController + Extension.swift */ = {isa = PBXFileReference; lastKnownFileType = sourcecode.swift; path = "UIViewController + Extension.swift"; sourceTree = "<group>"; };
		D9BFE60D27907E5D001B9A2C /* StorageService.swift */ = {isa = PBXFileReference; lastKnownFileType = sourcecode.swift; path = StorageService.swift; sourceTree = "<group>"; };
		D9BFE60F2790C9EC001B9A2C /* UIImage + Extension.swift */ = {isa = PBXFileReference; lastKnownFileType = sourcecode.swift; path = "UIImage + Extension.swift"; sourceTree = "<group>"; };
		D9BFE6112794AFB1001B9A2C /* ListenerService.swift */ = {isa = PBXFileReference; lastKnownFileType = sourcecode.swift; path = ListenerService.swift; sourceTree = "<group>"; };
		D9C452DB27726D9900468B39 /* InsertableTextField.swift */ = {isa = PBXFileReference; lastKnownFileType = sourcecode.swift; path = InsertableTextField.swift; sourceTree = "<group>"; };
		D9C452DD277273D200468B39 /* UIVIew + Extension.swift */ = {isa = PBXFileReference; lastKnownFileType = sourcecode.swift; path = "UIVIew + Extension.swift"; sourceTree = "<group>"; };
		D9C452DF27727ABF00468B39 /* ChatRequsetViewController.swift */ = {isa = PBXFileReference; lastKnownFileType = sourcecode.swift; path = ChatRequsetViewController.swift; sourceTree = "<group>"; };
		D9C452E127728FB300468B39 /* GoogleService-Info.plist */ = {isa = PBXFileReference; fileEncoding = 4; lastKnownFileType = text.plist.xml; name = "GoogleService-Info.plist"; path = "../../Леся/GoogleService-Info.plist"; sourceTree = "<group>"; };
		D9C452E327729ECE00468B39 /* AuthService.swift */ = {isa = PBXFileReference; lastKnownFileType = sourcecode.swift; path = AuthService.swift; sourceTree = "<group>"; };
		D9C452E52772AD6900468B39 /* Validators.swift */ = {isa = PBXFileReference; lastKnownFileType = sourcecode.swift; path = Validators.swift; sourceTree = "<group>"; };
		D9C452E72772B08C00468B39 /* AuthError.swift */ = {isa = PBXFileReference; lastKnownFileType = sourcecode.swift; path = AuthError.swift; sourceTree = "<group>"; };
		D9C452EA2772C0EB00468B39 /* AuthNavigatingDelegate.swift */ = {isa = PBXFileReference; lastKnownFileType = sourcecode.swift; path = AuthNavigatingDelegate.swift; sourceTree = "<group>"; };
		D9C452EC2772C39C00468B39 /* FireStoreService.swift */ = {isa = PBXFileReference; lastKnownFileType = sourcecode.swift; path = FireStoreService.swift; sourceTree = "<group>"; };
		D9C452EE2772C79D00468B39 /* UserError.swift */ = {isa = PBXFileReference; lastKnownFileType = sourcecode.swift; path = UserError.swift; sourceTree = "<group>"; };
		D9E047332779CD8500EE9B8C /* SwipePeopleViewController.swift */ = {isa = PBXFileReference; lastKnownFileType = sourcecode.swift; path = SwipePeopleViewController.swift; sourceTree = "<group>"; };
		D9E047352779CF2800EE9B8C /* CardsDataModel.swift */ = {isa = PBXFileReference; lastKnownFileType = sourcecode.swift; path = CardsDataModel.swift; sourceTree = "<group>"; };
		D9E047372779CF4300EE9B8C /* SwipeCardsDataSource.swift */ = {isa = PBXFileReference; lastKnownFileType = sourcecode.swift; path = SwipeCardsDataSource.swift; sourceTree = "<group>"; };
		D9E047392779CF6A00EE9B8C /* StackContainerView.swift */ = {isa = PBXFileReference; lastKnownFileType = sourcecode.swift; path = StackContainerView.swift; sourceTree = "<group>"; };
		D9E0473B2779CF8900EE9B8C /* SwipeCardView.swift */ = {isa = PBXFileReference; lastKnownFileType = sourcecode.swift; path = SwipeCardView.swift; sourceTree = "<group>"; };
		E194A1933B1FB6D60B602FCE /* JSONCreator.swift */ = {isa = PBXFileReference; fileEncoding = 4; lastKnownFileType = sourcecode.swift; path = JSONCreator.swift; sourceTree = "<group>"; };
		E194AECE3C735C533062AFA3 /* ValueRecorder.swift */ = {isa = PBXFileReference; fileEncoding = 4; lastKnownFileType = sourcecode.swift; path = ValueRecorder.swift; sourceTree = "<group>"; };
/* End PBXFileReference section */

/* Begin PBXFrameworksBuildPhase section */
		D973869627624DAE007F1AD4 /* Frameworks */ = {
			isa = PBXFrameworksBuildPhase;
			buildActionMask = 2147483647;
			files = (
				EBED15BECF38FBC58AD3F7C8 /* Pods_Chat.framework in Frameworks */,
			);
			runOnlyForDeploymentPostprocessing = 0;
		};
/* End PBXFrameworksBuildPhase section */

/* Begin PBXGroup section */
		05000C9111E5C742F79F954F /* Frameworks */ = {
			isa = PBXGroup;
			children = (
				7C1527498B6A700E3F98E950 /* Pods_Chat.framework */,
			);
			name = Frameworks;
			sourceTree = "<group>";
		};
		D93114062766852B00D2B843 /* Signin&Auth */ = {
			isa = PBXGroup;
			children = (
				D97386A027624DAE007F1AD4 /* AuthViewController.swift */,
				D97386E027628E07007F1AD4 /* SignUpViewController.swift */,
				D97386E42762A32B007F1AD4 /* LoginViewController.swift */,
				D98239F82766611500DDCF68 /* SetupProfileViewController.swift */,
			);
			path = "Signin&Auth";
			sourceTree = "<group>";
		};
		D93114072766855B00D2B843 /* Controllers */ = {
			isa = PBXGroup;
			children = (
				D91EAF89276CE6BE00B2598E /* ProfileViewController.swift */,
				D9311408276685E200D2B843 /* MainTabBarController.swift */,
				D98239FE27667F5500DDCF68 /* ListViewController.swift */,
				D94DB5662766F0B50045A086 /* SectionHeader.swift */,
				D931140A2766867600D2B843 /* PeopleViewController.swift */,
				D9C452DF27727ABF00468B39 /* ChatRequsetViewController.swift */,
				D9F2B5E2277C394C000BDC9B /* Strub */,
				D94DB55C2766D4030045A086 /* Cell */,
			);
			path = Controllers;
			sourceTree = "<group>";
		};
		D94DB55C2766D4030045A086 /* Cell */ = {
			isa = PBXGroup;
			children = (
				D94DB55D2766D41F0045A086 /* ActiveChatCell.swift */,
				D94DB5612766EB850045A086 /* WaitingChatCell.swift */,
				D9A8CB34276C1044004EA3E7 /* UserCell.swift */,
			);
			path = Cell;
			sourceTree = "<group>";
		};
		D94DB5652766ED280045A086 /* Protocols */ = {
			isa = PBXGroup;
			children = (
				D94DB5632766ED100045A086 /* SelfConfiguringCell.swift */,
				D9C452EA2772C0EB00468B39 /* AuthNavigatingDelegate.swift */,
				D9245F40279C5C8400439644 /* WaitingChatsNavigation.swift */,
			);
			path = Protocols;
			sourceTree = "<group>";
		};
		D94DB56E2767963C0045A086 /* Models */ = {
			isa = PBXGroup;
			children = (
				D94DB56A276795B30045A086 /* MUser.swift */,
				D94DB56C276795C60045A086 /* MChat.swift */,
				D9E047352779CF2800EE9B8C /* CardsDataModel.swift */,
				D9A18FF82794DC9300DF1D57 /* MMessage.swift */,
			);
			path = Models;
			sourceTree = "<group>";
		};
		D94DB5752769471E0045A086 /* Services */ = {
			isa = PBXGroup;
			children = (
				D94DB56E2767963C0045A086 /* Models */,
				D9C452EC2772C39C00468B39 /* FireStoreService.swift */,
				D9BFE60D27907E5D001B9A2C /* StorageService.swift */,
				D9830F2A276BAAB900CEA7F4 /* MainService.swift */,
				D9C452E327729ECE00468B39 /* AuthService.swift */,
				D910D4CD276BE53900A3964F /* ValuePlayer.swift */,
				E194AECE3C735C533062AFA3 /* ValueRecorder.swift */,
				D9BFE6112794AFB1001B9A2C /* ListenerService.swift */,
			);
			path = Services;
			sourceTree = "<group>";
		};
		D973869027624DAE007F1AD4 = {
			isa = PBXGroup;
			children = (
				D973869B27624DAE007F1AD4 /* Chat */,
				D973869A27624DAE007F1AD4 /* Products */,
				EF4D3E54B49C64F4C57265FF /* Pods */,
				05000C9111E5C742F79F954F /* Frameworks */,
			);
			sourceTree = "<group>";
		};
		D973869A27624DAE007F1AD4 /* Products */ = {
			isa = PBXGroup;
			children = (
				D973869927624DAE007F1AD4 /* Chat.app */,
			);
			name = Products;
			sourceTree = "<group>";
		};
		D973869B27624DAE007F1AD4 /* Chat */ = {
			isa = PBXGroup;
			children = (
				D973869C27624DAE007F1AD4 /* AppDelegate.swift */,
				D973869E27624DAE007F1AD4 /* SceneDelegate.swift */,
				D94DB5752769471E0045A086 /* Services */,
				D93114072766855B00D2B843 /* Controllers */,
				D9F2B5E1277C2AEE000BDC9B /* Swipe */,
				D93114062766852B00D2B843 /* Signin&Auth */,
				D97386A527624DB2007F1AD4 /* Assets.xcassets */,
				D97386A727624DB2007F1AD4 /* LaunchScreen.storyboard */,
				D97386AA27624DB2007F1AD4 /* Info.plist */,
				D9C452E127728FB300468B39 /* GoogleService-Info.plist */,
				D94DB5652766ED280045A086 /* Protocols */,
				D9C452E92772B47B00468B39 /* Helpers */,
				D97386DB276274F0007F1AD4 /* Extensions */,
			);
			path = Chat;
			sourceTree = "<group>";
		};
		D97386DA276274DF007F1AD4 /* UIKit */ = {
			isa = PBXGroup;
			children = (
				D94DB568276793F60045A086 /* users.json */,
				D931140D2766BD8200D2B843 /* activeChats.json */,
				D931140F2766BDB800D2B843 /* waitingChats.json */,
				D97386D027626331007F1AD4 /* UIButton + Extension.swift */,
				D97386D227626602007F1AD4 /* UIFont + Extension.swift */,
				D97386D42762672F007F1AD4 /* UIColor + Extension.swift */,
				D97386D627626A77007F1AD4 /* Label + Extension.swift */,
				D97386D827626BC7007F1AD4 /* UIImageView + Extension.swift */,
				D97386DE27628031007F1AD4 /* StackView + Extension.swift */,
				D98239FC2766764400DDCF68 /* SegmentedControl + Extension.swift */,
				D9A8CB36276C13D7004EA3E7 /* UIViewController + Extension.swift */,
				D9C452DD277273D200468B39 /* UIVIew + Extension.swift */,
				D9BFE60F2790C9EC001B9A2C /* UIImage + Extension.swift */,
			);
			path = UIKit;
			sourceTree = "<group>";
		};
		D97386DB276274F0007F1AD4 /* Extensions */ = {
			isa = PBXGroup;
			children = (
				D98239FA2766691D00DDCF68 /* AddPhotoView.swift */,
				D97386DC27627739007F1AD4 /* ButtonFormView.swift */,
				D97386E2276292A9007F1AD4 /* OneLineTextField.swift */,
				D93114112766BE1A00D2B843 /* Bundle-Decodable.swift */,
				D94DB55F2766E41C0045A086 /* GradientView.swift */,
				D94DB573276930230045A086 /* HSBColorPicker.swift */,
				E194A1933B1FB6D60B602FCE /* JSONCreator.swift */,
				D9C452DB27726D9900468B39 /* InsertableTextField.swift */,
				D97386DA276274DF007F1AD4 /* UIKit */,
			);
			path = Extensions;
			sourceTree = "<group>";
		};
		D9C452E92772B47B00468B39 /* Helpers */ = {
			isa = PBXGroup;
			children = (
				D9C452E52772AD6900468B39 /* Validators.swift */,
				D9C452E72772B08C00468B39 /* AuthError.swift */,
				D9C452EE2772C79D00468B39 /* UserError.swift */,
			);
			path = Helpers;
			sourceTree = "<group>";
		};
		D9F2B5E1277C2AEE000BDC9B /* Swipe */ = {
			isa = PBXGroup;
			children = (
				D9E047332779CD8500EE9B8C /* SwipePeopleViewController.swift */,
				D9E047392779CF6A00EE9B8C /* StackContainerView.swift */,
				D9E0473B2779CF8900EE9B8C /* SwipeCardView.swift */,
				D9E047372779CF4300EE9B8C /* SwipeCardsDataSource.swift */,
			);
			path = Swipe;
			sourceTree = "<group>";
		};
		D9F2B5E2277C394C000BDC9B /* Strub */ = {
			isa = PBXGroup;
			children = (
				D94DB5712769205B0045A086 /* StrubEditorViewController.swift */,
			);
			path = Strub;
			sourceTree = "<group>";
		};
		EF4D3E54B49C64F4C57265FF /* Pods */ = {
			isa = PBXGroup;
			children = (
				79C4A2844C9B4DD44FD45A27 /* Pods-Chat.debug.xcconfig */,
				92036E35958AD52DBE17CF35 /* Pods-Chat.release.xcconfig */,
			);
			path = Pods;
			sourceTree = "<group>";
		};
/* End PBXGroup section */

/* Begin PBXNativeTarget section */
		D973869827624DAE007F1AD4 /* Chat */ = {
			isa = PBXNativeTarget;
			buildConfigurationList = D97386AD27624DB2007F1AD4 /* Build configuration list for PBXNativeTarget "Chat" */;
			buildPhases = (
				5F9DC25B94C660904B95B071 /* [CP] Check Pods Manifest.lock */,
				D973869527624DAE007F1AD4 /* Sources */,
				D973869627624DAE007F1AD4 /* Frameworks */,
				D973869727624DAE007F1AD4 /* Resources */,
				85B81D51BB92B0287E107986 /* [CP] Embed Pods Frameworks */,
			);
			buildRules = (
			);
			dependencies = (
			);
			name = Chat;
			productName = Chat;
			productReference = D973869927624DAE007F1AD4 /* Chat.app */;
			productType = "com.apple.product-type.application";
		};
/* End PBXNativeTarget section */

/* Begin PBXProject section */
		D973869127624DAE007F1AD4 /* Project object */ = {
			isa = PBXProject;
			attributes = {
				BuildIndependentTargetsInParallel = 1;
				LastSwiftUpdateCheck = 1310;
				LastUpgradeCheck = 1310;
				TargetAttributes = {
					D973869827624DAE007F1AD4 = {
						CreatedOnToolsVersion = 13.1;
					};
				};
			};
			buildConfigurationList = D973869427624DAE007F1AD4 /* Build configuration list for PBXProject "Chat" */;
			compatibilityVersion = "Xcode 13.0";
			developmentRegion = en;
			hasScannedForEncodings = 0;
			knownRegions = (
				en,
				Base,
			);
			mainGroup = D973869027624DAE007F1AD4;
			productRefGroup = D973869A27624DAE007F1AD4 /* Products */;
			projectDirPath = "";
			projectRoot = "";
			targets = (
				D973869827624DAE007F1AD4 /* Chat */,
			);
		};
/* End PBXProject section */

/* Begin PBXResourcesBuildPhase section */
		D973869727624DAE007F1AD4 /* Resources */ = {
			isa = PBXResourcesBuildPhase;
			buildActionMask = 2147483647;
			files = (
				D94DB569276793F60045A086 /* users.json in Resources */,
				D97386A927624DB2007F1AD4 /* LaunchScreen.storyboard in Resources */,
				D931140E2766BD8200D2B843 /* activeChats.json in Resources */,
				D97386A627624DB2007F1AD4 /* Assets.xcassets in Resources */,
				D93114102766BDB800D2B843 /* waitingChats.json in Resources */,
				D9C452E227728FB300468B39 /* GoogleService-Info.plist in Resources */,
			);
			runOnlyForDeploymentPostprocessing = 0;
		};
/* End PBXResourcesBuildPhase section */

/* Begin PBXShellScriptBuildPhase section */
		5F9DC25B94C660904B95B071 /* [CP] Check Pods Manifest.lock */ = {
			isa = PBXShellScriptBuildPhase;
			buildActionMask = 2147483647;
			files = (
			);
			inputFileListPaths = (
			);
			inputPaths = (
				"${PODS_PODFILE_DIR_PATH}/Podfile.lock",
				"${PODS_ROOT}/Manifest.lock",
			);
			name = "[CP] Check Pods Manifest.lock";
			outputFileListPaths = (
			);
			outputPaths = (
				"$(DERIVED_FILE_DIR)/Pods-Chat-checkManifestLockResult.txt",
			);
			runOnlyForDeploymentPostprocessing = 0;
			shellPath = /bin/sh;
			shellScript = "diff \"${PODS_PODFILE_DIR_PATH}/Podfile.lock\" \"${PODS_ROOT}/Manifest.lock\" > /dev/null\nif [ $? != 0 ] ; then\n    # print error to STDERR\n    echo \"error: The sandbox is not in sync with the Podfile.lock. Run 'pod install' or update your CocoaPods installation.\" >&2\n    exit 1\nfi\n# This output is used by Xcode 'outputs' to avoid re-running this script phase.\necho \"SUCCESS\" > \"${SCRIPT_OUTPUT_FILE_0}\"\n";
			showEnvVarsInLog = 0;
		};
		85B81D51BB92B0287E107986 /* [CP] Embed Pods Frameworks */ = {
			isa = PBXShellScriptBuildPhase;
			buildActionMask = 2147483647;
			files = (
			);
			inputFileListPaths = (
				"${PODS_ROOT}/Target Support Files/Pods-Chat/Pods-Chat-frameworks-${CONFIGURATION}-input-files.xcfilelist",
			);
			name = "[CP] Embed Pods Frameworks";
			outputFileListPaths = (
				"${PODS_ROOT}/Target Support Files/Pods-Chat/Pods-Chat-frameworks-${CONFIGURATION}-output-files.xcfilelist",
			);
			runOnlyForDeploymentPostprocessing = 0;
			shellPath = /bin/sh;
			shellScript = "\"${PODS_ROOT}/Target Support Files/Pods-Chat/Pods-Chat-frameworks.sh\"\n";
			showEnvVarsInLog = 0;
		};
/* End PBXShellScriptBuildPhase section */

/* Begin PBXSourcesBuildPhase section */
		D973869527624DAE007F1AD4 /* Sources */ = {
			isa = PBXSourcesBuildPhase;
			buildActionMask = 2147483647;
			files = (
				D94DB56D276795C60045A086 /* MChat.swift in Sources */,
				D98239FF27667F5500DDCF68 /* ListViewController.swift in Sources */,
				D97386E3276292A9007F1AD4 /* OneLineTextField.swift in Sources */,
				D94DB5672766F0B50045A086 /* SectionHeader.swift in Sources */,
				D9A8CB35276C1044004EA3E7 /* UserCell.swift in Sources */,
				D9E047382779CF4300EE9B8C /* SwipeCardsDataSource.swift in Sources */,
				D94DB5602766E41C0045A086 /* GradientView.swift in Sources */,
				D9C452E82772B08C00468B39 /* AuthError.swift in Sources */,
				D91EAF8A276CE6BE00B2598E /* ProfileViewController.swift in Sources */,
				D9311409276685E200D2B843 /* MainTabBarController.swift in Sources */,
				D9BFE6122794AFB1001B9A2C /* ListenerService.swift in Sources */,
				D97386E127628E07007F1AD4 /* SignUpViewController.swift in Sources */,
				D94DB56B276795B30045A086 /* MUser.swift in Sources */,
				D9E0473A2779CF6A00EE9B8C /* StackContainerView.swift in Sources */,
				D9830F2B276BAAB900CEA7F4 /* MainService.swift in Sources */,
				D94DB55E2766D41F0045A086 /* ActiveChatCell.swift in Sources */,
				D9E047362779CF2800EE9B8C /* CardsDataModel.swift in Sources */,
				D97386D327626602007F1AD4 /* UIFont + Extension.swift in Sources */,
				D931140B2766867600D2B843 /* PeopleViewController.swift in Sources */,
				D97386A127624DAE007F1AD4 /* AuthViewController.swift in Sources */,
				D93114122766BE1A00D2B843 /* Bundle-Decodable.swift in Sources */,
				D98239F92766611500DDCF68 /* SetupProfileViewController.swift in Sources */,
				D9BFE6102790C9EC001B9A2C /* UIImage + Extension.swift in Sources */,
				D9A18FF92794DC9300DF1D57 /* MMessage.swift in Sources */,
				D94DB574276930230045A086 /* HSBColorPicker.swift in Sources */,
				D97386D727626A77007F1AD4 /* Label + Extension.swift in Sources */,
				D9C452DC27726D9900468B39 /* InsertableTextField.swift in Sources */,
				D97386DD27627739007F1AD4 /* ButtonFormView.swift in Sources */,
				D98239FB2766691D00DDCF68 /* AddPhotoView.swift in Sources */,
				D9C452EF2772C79D00468B39 /* UserError.swift in Sources */,
				D9C452EB2772C0EB00468B39 /* AuthNavigatingDelegate.swift in Sources */,
				D9C452E427729ECE00468B39 /* AuthService.swift in Sources */,
				D9C452E027727ABF00468B39 /* ChatRequsetViewController.swift in Sources */,
				D94DB5722769205B0045A086 /* StrubEditorViewController.swift in Sources */,
				D973869D27624DAE007F1AD4 /* AppDelegate.swift in Sources */,
				D9C452DE277273D200468B39 /* UIVIew + Extension.swift in Sources */,
				D97386D927626BC7007F1AD4 /* UIImageView + Extension.swift in Sources */,
				D98239FD2766764400DDCF68 /* SegmentedControl + Extension.swift in Sources */,
				D94DB5642766ED100045A086 /* SelfConfiguringCell.swift in Sources */,
				D910D4CE276BE53900A3964F /* ValuePlayer.swift in Sources */,
				D94DB5622766EB850045A086 /* WaitingChatCell.swift in Sources */,
				D97386D52762672F007F1AD4 /* UIColor + Extension.swift in Sources */,
				D9E0473C2779CF8900EE9B8C /* SwipeCardView.swift in Sources */,
				D97386D127626331007F1AD4 /* UIButton + Extension.swift in Sources */,
				D973869F27624DAE007F1AD4 /* SceneDelegate.swift in Sources */,
				D9C452E62772AD6900468B39 /* Validators.swift in Sources */,
				D97386E52762A32B007F1AD4 /* LoginViewController.swift in Sources */,
				D9E047342779CD8500EE9B8C /* SwipePeopleViewController.swift in Sources */,
				D9A8CB37276C13D7004EA3E7 /* UIViewController + Extension.swift in Sources */,
				D9BFE60E27907E5D001B9A2C /* StorageService.swift in Sources */,
				D97386DF27628031007F1AD4 /* StackView + Extension.swift in Sources */,
				D9C452ED2772C39C00468B39 /* FireStoreService.swift in Sources */,
				E194AD119FB2B3883CA38792 /* JSONCreator.swift in Sources */,
				D9245F41279C5C8400439644 /* WaitingChatsNavigation.swift in Sources */,
				E194A3099194C4CC2F0943D2 /* ValueRecorder.swift in Sources */,
			);
			runOnlyForDeploymentPostprocessing = 0;
		};
/* End PBXSourcesBuildPhase section */

/* Begin PBXVariantGroup section */
		D97386A727624DB2007F1AD4 /* LaunchScreen.storyboard */ = {
			isa = PBXVariantGroup;
			children = (
				D97386A827624DB2007F1AD4 /* Base */,
			);
			name = LaunchScreen.storyboard;
			sourceTree = "<group>";
		};
/* End PBXVariantGroup section */

/* Begin XCBuildConfiguration section */
		D97386AB27624DB2007F1AD4 /* Debug */ = {
			isa = XCBuildConfiguration;
			buildSettings = {
				ALWAYS_SEARCH_USER_PATHS = NO;
				CLANG_ANALYZER_NONNULL = YES;
				CLANG_ANALYZER_NUMBER_OBJECT_CONVERSION = YES_AGGRESSIVE;
				CLANG_CXX_LANGUAGE_STANDARD = "gnu++17";
				CLANG_CXX_LIBRARY = "libc++";
				CLANG_ENABLE_MODULES = YES;
				CLANG_ENABLE_OBJC_ARC = YES;
				CLANG_ENABLE_OBJC_WEAK = YES;
				CLANG_WARN_BLOCK_CAPTURE_AUTORELEASING = YES;
				CLANG_WARN_BOOL_CONVERSION = YES;
				CLANG_WARN_COMMA = YES;
				CLANG_WARN_CONSTANT_CONVERSION = YES;
				CLANG_WARN_DEPRECATED_OBJC_IMPLEMENTATIONS = YES;
				CLANG_WARN_DIRECT_OBJC_ISA_USAGE = YES_ERROR;
				CLANG_WARN_DOCUMENTATION_COMMENTS = YES;
				CLANG_WARN_EMPTY_BODY = YES;
				CLANG_WARN_ENUM_CONVERSION = YES;
				CLANG_WARN_INFINITE_RECURSION = YES;
				CLANG_WARN_INT_CONVERSION = YES;
				CLANG_WARN_NON_LITERAL_NULL_CONVERSION = YES;
				CLANG_WARN_OBJC_IMPLICIT_RETAIN_SELF = YES;
				CLANG_WARN_OBJC_LITERAL_CONVERSION = YES;
				CLANG_WARN_OBJC_ROOT_CLASS = YES_ERROR;
				CLANG_WARN_QUOTED_INCLUDE_IN_FRAMEWORK_HEADER = YES;
				CLANG_WARN_RANGE_LOOP_ANALYSIS = YES;
				CLANG_WARN_STRICT_PROTOTYPES = YES;
				CLANG_WARN_SUSPICIOUS_MOVE = YES;
				CLANG_WARN_UNGUARDED_AVAILABILITY = YES_AGGRESSIVE;
				CLANG_WARN_UNREACHABLE_CODE = YES;
				CLANG_WARN__DUPLICATE_METHOD_MATCH = YES;
				COPY_PHASE_STRIP = NO;
				DEBUG_INFORMATION_FORMAT = dwarf;
				ENABLE_STRICT_OBJC_MSGSEND = YES;
				ENABLE_TESTABILITY = YES;
				GCC_C_LANGUAGE_STANDARD = gnu11;
				GCC_DYNAMIC_NO_PIC = NO;
				GCC_NO_COMMON_BLOCKS = YES;
				GCC_OPTIMIZATION_LEVEL = 0;
				GCC_PREPROCESSOR_DEFINITIONS = (
					"DEBUG=1",
					"$(inherited)",
				);
				GCC_WARN_64_TO_32_BIT_CONVERSION = YES;
				GCC_WARN_ABOUT_RETURN_TYPE = YES_ERROR;
				GCC_WARN_UNDECLARED_SELECTOR = YES;
				GCC_WARN_UNINITIALIZED_AUTOS = YES_AGGRESSIVE;
				GCC_WARN_UNUSED_FUNCTION = YES;
				GCC_WARN_UNUSED_VARIABLE = YES;
				IPHONEOS_DEPLOYMENT_TARGET = 15.0;
				MTL_ENABLE_DEBUG_INFO = INCLUDE_SOURCE;
				MTL_FAST_MATH = YES;
				ONLY_ACTIVE_ARCH = YES;
				SDKROOT = iphoneos;
				SWIFT_ACTIVE_COMPILATION_CONDITIONS = DEBUG;
				SWIFT_OPTIMIZATION_LEVEL = "-Onone";
			};
			name = Debug;
		};
		D97386AC27624DB2007F1AD4 /* Release */ = {
			isa = XCBuildConfiguration;
			buildSettings = {
				ALWAYS_SEARCH_USER_PATHS = NO;
				CLANG_ANALYZER_NONNULL = YES;
				CLANG_ANALYZER_NUMBER_OBJECT_CONVERSION = YES_AGGRESSIVE;
				CLANG_CXX_LANGUAGE_STANDARD = "gnu++17";
				CLANG_CXX_LIBRARY = "libc++";
				CLANG_ENABLE_MODULES = YES;
				CLANG_ENABLE_OBJC_ARC = YES;
				CLANG_ENABLE_OBJC_WEAK = YES;
				CLANG_WARN_BLOCK_CAPTURE_AUTORELEASING = YES;
				CLANG_WARN_BOOL_CONVERSION = YES;
				CLANG_WARN_COMMA = YES;
				CLANG_WARN_CONSTANT_CONVERSION = YES;
				CLANG_WARN_DEPRECATED_OBJC_IMPLEMENTATIONS = YES;
				CLANG_WARN_DIRECT_OBJC_ISA_USAGE = YES_ERROR;
				CLANG_WARN_DOCUMENTATION_COMMENTS = YES;
				CLANG_WARN_EMPTY_BODY = YES;
				CLANG_WARN_ENUM_CONVERSION = YES;
				CLANG_WARN_INFINITE_RECURSION = YES;
				CLANG_WARN_INT_CONVERSION = YES;
				CLANG_WARN_NON_LITERAL_NULL_CONVERSION = YES;
				CLANG_WARN_OBJC_IMPLICIT_RETAIN_SELF = YES;
				CLANG_WARN_OBJC_LITERAL_CONVERSION = YES;
				CLANG_WARN_OBJC_ROOT_CLASS = YES_ERROR;
				CLANG_WARN_QUOTED_INCLUDE_IN_FRAMEWORK_HEADER = YES;
				CLANG_WARN_RANGE_LOOP_ANALYSIS = YES;
				CLANG_WARN_STRICT_PROTOTYPES = YES;
				CLANG_WARN_SUSPICIOUS_MOVE = YES;
				CLANG_WARN_UNGUARDED_AVAILABILITY = YES_AGGRESSIVE;
				CLANG_WARN_UNREACHABLE_CODE = YES;
				CLANG_WARN__DUPLICATE_METHOD_MATCH = YES;
				COPY_PHASE_STRIP = NO;
				DEBUG_INFORMATION_FORMAT = "dwarf-with-dsym";
				ENABLE_NS_ASSERTIONS = NO;
				ENABLE_STRICT_OBJC_MSGSEND = YES;
				GCC_C_LANGUAGE_STANDARD = gnu11;
				GCC_NO_COMMON_BLOCKS = YES;
				GCC_WARN_64_TO_32_BIT_CONVERSION = YES;
				GCC_WARN_ABOUT_RETURN_TYPE = YES_ERROR;
				GCC_WARN_UNDECLARED_SELECTOR = YES;
				GCC_WARN_UNINITIALIZED_AUTOS = YES_AGGRESSIVE;
				GCC_WARN_UNUSED_FUNCTION = YES;
				GCC_WARN_UNUSED_VARIABLE = YES;
				IPHONEOS_DEPLOYMENT_TARGET = 15.0;
				MTL_ENABLE_DEBUG_INFO = NO;
				MTL_FAST_MATH = YES;
				SDKROOT = iphoneos;
				SWIFT_COMPILATION_MODE = wholemodule;
				SWIFT_OPTIMIZATION_LEVEL = "-O";
				VALIDATE_PRODUCT = YES;
			};
			name = Release;
		};
		D97386AE27624DB2007F1AD4 /* Debug */ = {
			isa = XCBuildConfiguration;
			baseConfigurationReference = 79C4A2844C9B4DD44FD45A27 /* Pods-Chat.debug.xcconfig */;
			buildSettings = {
				ASSETCATALOG_COMPILER_APPICON_NAME = AppIcon;
				ASSETCATALOG_COMPILER_GLOBAL_ACCENT_COLOR_NAME = AccentColor;
				CODE_SIGN_STYLE = Automatic;
				CURRENT_PROJECT_VERSION = 1;
				DEVELOPMENT_TEAM = 7FWSC24N6P;
				GENERATE_INFOPLIST_FILE = YES;
				INFOPLIST_FILE = Chat/Info.plist;
				INFOPLIST_KEY_UIApplicationSupportsIndirectInputEvents = YES;
				INFOPLIST_KEY_UILaunchStoryboardName = LaunchScreen;
				INFOPLIST_KEY_UISupportedInterfaceOrientations = "UIInterfaceOrientationLandscapeRight UIInterfaceOrientationLandscapeLeft UIInterfaceOrientationPortrait";
				INFOPLIST_KEY_UISupportedInterfaceOrientations_iPad = "UIInterfaceOrientationPortrait UIInterfaceOrientationPortraitUpsideDown UIInterfaceOrientationLandscapeLeft UIInterfaceOrientationLandscapeRight";
				INFOPLIST_KEY_UISupportedInterfaceOrientations_iPhone = "UIInterfaceOrientationPortrait UIInterfaceOrientationLandscapeLeft UIInterfaceOrientationLandscapeRight";
				LD_RUNPATH_SEARCH_PATHS = (
					"$(inherited)",
					"@executable_path/Frameworks",
				);
				MARKETING_VERSION = 1.0;
				PRODUCT_BUNDLE_IDENTIFIER = com.yakovlev.Chat;
				PRODUCT_NAME = "$(TARGET_NAME)";
				SWIFT_EMIT_LOC_STRINGS = YES;
				SWIFT_VERSION = 5.0;
				TARGETED_DEVICE_FAMILY = "1,2";
			};
			name = Debug;
		};
		D97386AF27624DB2007F1AD4 /* Release */ = {
			isa = XCBuildConfiguration;
			baseConfigurationReference = 92036E35958AD52DBE17CF35 /* Pods-Chat.release.xcconfig */;
			buildSettings = {
				ASSETCATALOG_COMPILER_APPICON_NAME = AppIcon;
				ASSETCATALOG_COMPILER_GLOBAL_ACCENT_COLOR_NAME = AccentColor;
				CODE_SIGN_STYLE = Automatic;
				CURRENT_PROJECT_VERSION = 1;
				DEVELOPMENT_TEAM = 7FWSC24N6P;
				GENERATE_INFOPLIST_FILE = YES;
				INFOPLIST_FILE = Chat/Info.plist;
				INFOPLIST_KEY_UIApplicationSupportsIndirectInputEvents = YES;
				INFOPLIST_KEY_UILaunchStoryboardName = LaunchScreen;
				INFOPLIST_KEY_UISupportedInterfaceOrientations = "UIInterfaceOrientationLandscapeRight UIInterfaceOrientationLandscapeLeft UIInterfaceOrientationPortrait";
				INFOPLIST_KEY_UISupportedInterfaceOrientations_iPad = "UIInterfaceOrientationPortrait UIInterfaceOrientationPortraitUpsideDown UIInterfaceOrientationLandscapeLeft UIInterfaceOrientationLandscapeRight";
				INFOPLIST_KEY_UISupportedInterfaceOrientations_iPhone = "UIInterfaceOrientationPortrait UIInterfaceOrientationLandscapeLeft UIInterfaceOrientationLandscapeRight";
				LD_RUNPATH_SEARCH_PATHS = (
					"$(inherited)",
					"@executable_path/Frameworks",
				);
				MARKETING_VERSION = 1.0;
				PRODUCT_BUNDLE_IDENTIFIER = com.yakovlev.Chat;
				PRODUCT_NAME = "$(TARGET_NAME)";
				SWIFT_EMIT_LOC_STRINGS = YES;
				SWIFT_VERSION = 5.0;
				TARGETED_DEVICE_FAMILY = "1,2";
			};
			name = Release;
		};
/* End XCBuildConfiguration section */

/* Begin XCConfigurationList section */
		D973869427624DAE007F1AD4 /* Build configuration list for PBXProject "Chat" */ = {
			isa = XCConfigurationList;
			buildConfigurations = (
				D97386AB27624DB2007F1AD4 /* Debug */,
				D97386AC27624DB2007F1AD4 /* Release */,
			);
			defaultConfigurationIsVisible = 0;
			defaultConfigurationName = Release;
		};
		D97386AD27624DB2007F1AD4 /* Build configuration list for PBXNativeTarget "Chat" */ = {
			isa = XCConfigurationList;
			buildConfigurations = (
				D97386AE27624DB2007F1AD4 /* Debug */,
				D97386AF27624DB2007F1AD4 /* Release */,
			);
			defaultConfigurationIsVisible = 0;
			defaultConfigurationName = Release;
		};
/* End XCConfigurationList section */
	};
	rootObject = D973869127624DAE007F1AD4 /* Project object */;
}
